
Microsoft Visual Studio Solution File, Format Version 12.00
# Visual Studio 15
VisualStudioVersion = 15.0.27130.2027
MinimumVisualStudioVersion = 10.0.40219.1
Project("{9A19103F-16F7-4668-BE54-9A1E7A4F7556}") = "SmartGarden", "SmartGarden\SmartGarden.csproj", "{CE89A704-86BF-4799-9356-FC14A1847B97}"
EndProject
Project("{00D1A9C2-B5F0-4AF3-8072-F6C62B433612}") = "DatabaseProject", "DatabaseProject\DatabaseProject.sqlproj", "{55BB7226-25C6-4394-8A04-1474C30408FB}"
EndProject
Global
	GlobalSection(SolutionConfigurationPlatforms) = preSolution
		Debug|Any CPU = Debug|Any CPU
		Release|Any CPU = Release|Any CPU
	EndGlobalSection
	GlobalSection(ProjectConfigurationPlatforms) = postSolution
		{CE89A704-86BF-4799-9356-FC14A1847B97}.Debug|Any CPU.ActiveCfg = Debug|Any CPU
		{CE89A704-86BF-4799-9356-FC14A1847B97}.Debug|Any CPU.Build.0 = Debug|Any CPU
		{CE89A704-86BF-4799-9356-FC14A1847B97}.Release|Any CPU.ActiveCfg = Release|Any CPU
		{CE89A704-86BF-4799-9356-FC14A1847B97}.Release|Any CPU.Build.0 = Release|Any CPU
		{55BB7226-25C6-4394-8A04-1474C30408FB}.Debug|Any CPU.ActiveCfg = Debug|Any CPU
		{55BB7226-25C6-4394-8A04-1474C30408FB}.Debug|Any CPU.Build.0 = Debug|Any CPU
		{55BB7226-25C6-4394-8A04-1474C30408FB}.Debug|Any CPU.Deploy.0 = Debug|Any CPU
		{55BB7226-25C6-4394-8A04-1474C30408FB}.Release|Any CPU.ActiveCfg = Release|Any CPU
		{55BB7226-25C6-4394-8A04-1474C30408FB}.Release|Any CPU.Build.0 = Release|Any CPU
		{55BB7226-25C6-4394-8A04-1474C30408FB}.Release|Any CPU.Deploy.0 = Release|Any CPU
	EndGlobalSection
	GlobalSection(SolutionProperties) = preSolution
		HideSolutionNode = FALSE
	EndGlobalSection
	GlobalSection(ExtensibilityGlobals) = postSolution
		SolutionGuid = {B61AC5F2-D778-4D5E-8171-7C9A3F6D8DDD}
	EndGlobalSection
EndGlobal
